// !$*UTF8*$!
{
	archiveVersion = 1;
	classes = {
	};
	objectVersion = 56;
	objects = {

/* Begin PBXBuildFile section */
		F17DCB422E45E5B2006C5578 /* AppDelegate.swift in Sources */ = {isa = PBXBuildFile; fileRef = F17DCB412E45E5B2006C5578 /* AppDelegate.swift */; };
		F17DCB442E45E5B2006C5578 /* SceneDelegate.swift in Sources */ = {isa = PBXBuildFile; fileRef = F17DCB432E45E5B2006C5578 /* SceneDelegate.swift */; };
		F17DCB462E45E5B2006C5578 /* ViewController.swift in Sources */ = {isa = PBXBuildFile; fileRef = F17DCB452E45E5B2006C5578 /* ViewController.swift */; };
		F17DCB492E45E5B2006C5578 /* Main.storyboard in Resources */ = {isa = PBXBuildFile; fileRef = F17DCB472E45E5B2006C5578 /* Main.storyboard */; };
		F17DCB4B2E45E5B3006C5578 /* Assets.xcassets in Resources */ = {isa = PBXBuildFile; fileRef = F17DCB4A2E45E5B3006C5578 /* Assets.xcassets */; };
		F17DCB4E2E45E5B3006C5578 /* LaunchScreen.storyboard in Resources */ = {isa = PBXBuildFile; fileRef = F17DCB4C2E45E5B3006C5578 /* LaunchScreen.storyboard */; };
		F17DCB5A2E45E629006C5578 /* ClothingItem.swift in Sources */ = {isa = PBXBuildFile; fileRef = F17DCB592E45E629006C5578 /* ClothingItem.swift */; };
		F17DCB5C2E45E63C006C5578 /* ClothingCell.swift in Sources */ = {isa = PBXBuildFile; fileRef = F17DCB5B2E45E63C006C5578 /* ClothingCell.swift */; };
		F17DCB5E2E45E64C006C5578 /* ProfileViewController.swift in Sources */ = {isa = PBXBuildFile; fileRef = F17DCB5D2E45E64C006C5578 /* ProfileViewController.swift */; };
		F17DCB602E45E663006C5578 /* CombinationsViewController.swift in Sources */ = {isa = PBXBuildFile; fileRef = F17DCB5F2E45E663006C5578 /* CombinationsViewController.swift */; };
		F17DCB642E45E68A006C5578 /* AddClothingViewController.swift in Sources */ = {isa = PBXBuildFile; fileRef = F17DCB632E45E68A006C5578 /* AddClothingViewController.swift */; };
		F17DCB662E45E698006C5578 /* WardrobeViewModel.swift in Sources */ = {isa = PBXBuildFile; fileRef = F17DCB652E45E698006C5578 /* WardrobeViewModel.swift */; };
		F17DCB682E45E71B006C5578 /* MainTabBarController.swift in Sources */ = {isa = PBXBuildFile; fileRef = F17DCB672E45E71B006C5578 /* MainTabBarController.swift */; };
		F17DCB6A2E45EDB0006C5578 /* WardrobeViewController.swift in Sources */ = {isa = PBXBuildFile; fileRef = F17DCB692E45EDB0006C5578 /* WardrobeViewController.swift */; };
		F1A905E22E47414B00DF2C85 /* MobileNetV2.mlmodel in Sources */ = {isa = PBXBuildFile; fileRef = F1A905E12E47414B00DF2C85 /* MobileNetV2.mlmodel */; };
		F1A905E42E4742B800DF2C85 /* ClothingClassifier.swift in Sources */ = {isa = PBXBuildFile; fileRef = F1A905E32E47429000DF2C85 /* ClothingClassifier.swift */; };
		F1A905E62E47634800DF2C85 /* StorageManager.swift in Sources */ = {isa = PBXBuildFile; fileRef = F1A905E52E47633800DF2C85 /* StorageManager.swift */; };
		F1A905E82E47A77100DF2C85 /* ClothingDetailViewController.swift in Sources */ = {isa = PBXBuildFile; fileRef = F1A905E72E47A75D00DF2C85 /* ClothingDetailViewController.swift */; };
		F1A906092E4A2B5800DF2C85 /* BaseViewController.swift in Sources */ = {isa = PBXBuildFile; fileRef = F1A906082E4A2B4700DF2C85 /* BaseViewController.swift */; };
		F1A906112E4A2D8500DF2C85 /* WardrobeModel.swift in Sources */ = {isa = PBXBuildFile; fileRef = F1A906102E4A2D7D00DF2C85 /* WardrobeModel.swift */; };
		F1A906172E4A349300DF2C85 /* AddClothingViewModel.swift in Sources */ = {isa = PBXBuildFile; fileRef = F1A906162E4A348300DF2C85 /* AddClothingViewModel.swift */; };
		F1A9061B2E4A9A8D00DF2C85 /* Builders.swift in Sources */ = {isa = PBXBuildFile; fileRef = F1A9061A2E4A9A8600DF2C85 /* Builders.swift */; };
		F1A9061D2E4AA32200DF2C85 /* ClothingDetailViewModel.swift in Sources */ = {isa = PBXBuildFile; fileRef = F1A9061C2E4AA31600DF2C85 /* ClothingDetailViewModel.swift */; };
		F1A906222E4B534600DF2C85 /* ClothingCategory.swift in Sources */ = {isa = PBXBuildFile; fileRef = F1A906212E4B534100DF2C85 /* ClothingCategory.swift */; };
		F1A906252E4B830F00DF2C85 /* ViewModelType.swift in Sources */ = {isa = PBXBuildFile; fileRef = F1A906242E4B830300DF2C85 /* ViewModelType.swift */; };
		F1A906272E4DBB6000DF2C85 /* EmbeddingService.swift in Sources */ = {isa = PBXBuildFile; fileRef = F1A906262E4DBB4200DF2C85 /* EmbeddingService.swift */; };
		F1A906292E4DCD3F00DF2C85 /* CombinationsViewModel.swift in Sources */ = {isa = PBXBuildFile; fileRef = F1A906282E4DCD3C00DF2C85 /* CombinationsViewModel.swift */; };
		F1A9062B2E4DD09500DF2C85 /* CombinationEngine.swift in Sources */ = {isa = PBXBuildFile; fileRef = F1A9062A2E4DD08E00DF2C85 /* CombinationEngine.swift */; };
		F1A9062D2E4DD4FF00DF2C85 /* FeatureExtractor.swift in Sources */ = {isa = PBXBuildFile; fileRef = F1A9062C2E4DD4F700DF2C85 /* FeatureExtractor.swift */; };
		F1A9062F2E4F547200DF2C85 /* ColorUtils.swift in Sources */ = {isa = PBXBuildFile; fileRef = F1A9062E2E4F545D00DF2C85 /* ColorUtils.swift */; };
		F1A906332E4F59B100DF2C85 /* SeasonUtils.swift in Sources */ = {isa = PBXBuildFile; fileRef = F1A906322E4F59A800DF2C85 /* SeasonUtils.swift */; };
		F1A906352E4F607C00DF2C85 /* ScoreUtils.swift in Sources */ = {isa = PBXBuildFile; fileRef = F1A906342E4F607800DF2C85 /* ScoreUtils.swift */; };
		F1A906372E530C2300DF2C85 /* FavoriteCombination.swift in Sources */ = {isa = PBXBuildFile; fileRef = F1A906362E530C1700DF2C85 /* FavoriteCombination.swift */; };
		F1A906392E530C4000DF2C85 /* FavoritesStore.swift in Sources */ = {isa = PBXBuildFile; fileRef = F1A906382E530C3500DF2C85 /* FavoritesStore.swift */; };
/* End PBXBuildFile section */

/* Begin PBXFileReference section */
		F17DCB3E2E45E5B2006C5578 /* Wearly.app */ = {isa = PBXFileReference; explicitFileType = wrapper.application; includeInIndex = 0; path = Wearly.app; sourceTree = BUILT_PRODUCTS_DIR; };
		F17DCB412E45E5B2006C5578 /* AppDelegate.swift */ = {isa = PBXFileReference; lastKnownFileType = sourcecode.swift; path = AppDelegate.swift; sourceTree = "<group>"; };
		F17DCB432E45E5B2006C5578 /* SceneDelegate.swift */ = {isa = PBXFileReference; lastKnownFileType = sourcecode.swift; path = SceneDelegate.swift; sourceTree = "<group>"; };
		F17DCB452E45E5B2006C5578 /* ViewController.swift */ = {isa = PBXFileReference; lastKnownFileType = sourcecode.swift; path = ViewController.swift; sourceTree = "<group>"; };
		F17DCB482E45E5B2006C5578 /* Base */ = {isa = PBXFileReference; lastKnownFileType = file.storyboard; name = Base; path = Base.lproj/Main.storyboard; sourceTree = "<group>"; };
		F17DCB4A2E45E5B3006C5578 /* Assets.xcassets */ = {isa = PBXFileReference; lastKnownFileType = folder.assetcatalog; path = Assets.xcassets; sourceTree = "<group>"; };
		F17DCB4D2E45E5B3006C5578 /* Base */ = {isa = PBXFileReference; lastKnownFileType = file.storyboard; name = Base; path = Base.lproj/LaunchScreen.storyboard; sourceTree = "<group>"; };
		F17DCB4F2E45E5B3006C5578 /* Info.plist */ = {isa = PBXFileReference; lastKnownFileType = text.plist.xml; path = Info.plist; sourceTree = "<group>"; };
		F17DCB592E45E629006C5578 /* ClothingItem.swift */ = {isa = PBXFileReference; lastKnownFileType = sourcecode.swift; path = ClothingItem.swift; sourceTree = "<group>"; };
		F17DCB5B2E45E63C006C5578 /* ClothingCell.swift */ = {isa = PBXFileReference; lastKnownFileType = sourcecode.swift; path = ClothingCell.swift; sourceTree = "<group>"; };
		F17DCB5D2E45E64C006C5578 /* ProfileViewController.swift */ = {isa = PBXFileReference; lastKnownFileType = sourcecode.swift; path = ProfileViewController.swift; sourceTree = "<group>"; };
		F17DCB5F2E45E663006C5578 /* CombinationsViewController.swift */ = {isa = PBXFileReference; lastKnownFileType = sourcecode.swift; path = CombinationsViewController.swift; sourceTree = "<group>"; };
		F17DCB632E45E68A006C5578 /* AddClothingViewController.swift */ = {isa = PBXFileReference; lastKnownFileType = sourcecode.swift; path = AddClothingViewController.swift; sourceTree = "<group>"; };
		F17DCB652E45E698006C5578 /* WardrobeViewModel.swift */ = {isa = PBXFileReference; lastKnownFileType = sourcecode.swift; path = WardrobeViewModel.swift; sourceTree = "<group>"; };
		F17DCB672E45E71B006C5578 /* MainTabBarController.swift */ = {isa = PBXFileReference; lastKnownFileType = sourcecode.swift; path = MainTabBarController.swift; sourceTree = "<group>"; };
		F17DCB692E45EDB0006C5578 /* WardrobeViewController.swift */ = {isa = PBXFileReference; lastKnownFileType = sourcecode.swift; path = WardrobeViewController.swift; sourceTree = "<group>"; };
		F1A905E12E47414B00DF2C85 /* MobileNetV2.mlmodel */ = {isa = PBXFileReference; lastKnownFileType = file.mlmodel; path = MobileNetV2.mlmodel; sourceTree = "<group>"; };
		F1A905E32E47429000DF2C85 /* ClothingClassifier.swift */ = {isa = PBXFileReference; lastKnownFileType = sourcecode.swift; path = ClothingClassifier.swift; sourceTree = "<group>"; };
		F1A905E52E47633800DF2C85 /* StorageManager.swift */ = {isa = PBXFileReference; lastKnownFileType = sourcecode.swift; path = StorageManager.swift; sourceTree = "<group>"; };
		F1A905E72E47A75D00DF2C85 /* ClothingDetailViewController.swift */ = {isa = PBXFileReference; lastKnownFileType = sourcecode.swift; path = ClothingDetailViewController.swift; sourceTree = "<group>"; };
		F1A906082E4A2B4700DF2C85 /* BaseViewController.swift */ = {isa = PBXFileReference; lastKnownFileType = sourcecode.swift; path = BaseViewController.swift; sourceTree = "<group>"; };
		F1A906102E4A2D7D00DF2C85 /* WardrobeModel.swift */ = {isa = PBXFileReference; lastKnownFileType = sourcecode.swift; path = WardrobeModel.swift; sourceTree = "<group>"; };
		F1A906162E4A348300DF2C85 /* AddClothingViewModel.swift */ = {isa = PBXFileReference; lastKnownFileType = sourcecode.swift; path = AddClothingViewModel.swift; sourceTree = "<group>"; };
		F1A9061A2E4A9A8600DF2C85 /* Builders.swift */ = {isa = PBXFileReference; lastKnownFileType = sourcecode.swift; path = Builders.swift; sourceTree = "<group>"; };
		F1A9061C2E4AA31600DF2C85 /* ClothingDetailViewModel.swift */ = {isa = PBXFileReference; lastKnownFileType = sourcecode.swift; path = ClothingDetailViewModel.swift; sourceTree = "<group>"; };
		F1A906212E4B534100DF2C85 /* ClothingCategory.swift */ = {isa = PBXFileReference; lastKnownFileType = sourcecode.swift; path = ClothingCategory.swift; sourceTree = "<group>"; };
		F1A906242E4B830300DF2C85 /* ViewModelType.swift */ = {isa = PBXFileReference; lastKnownFileType = sourcecode.swift; path = ViewModelType.swift; sourceTree = "<group>"; };
		F1A906262E4DBB4200DF2C85 /* EmbeddingService.swift */ = {isa = PBXFileReference; lastKnownFileType = sourcecode.swift; path = EmbeddingService.swift; sourceTree = "<group>"; };
		F1A906282E4DCD3C00DF2C85 /* CombinationsViewModel.swift */ = {isa = PBXFileReference; lastKnownFileType = sourcecode.swift; path = CombinationsViewModel.swift; sourceTree = "<group>"; };
		F1A9062A2E4DD08E00DF2C85 /* CombinationEngine.swift */ = {isa = PBXFileReference; lastKnownFileType = sourcecode.swift; path = CombinationEngine.swift; sourceTree = "<group>"; };
		F1A9062C2E4DD4F700DF2C85 /* FeatureExtractor.swift */ = {isa = PBXFileReference; lastKnownFileType = sourcecode.swift; path = FeatureExtractor.swift; sourceTree = "<group>"; };
		F1A9062E2E4F545D00DF2C85 /* ColorUtils.swift */ = {isa = PBXFileReference; lastKnownFileType = sourcecode.swift; path = ColorUtils.swift; sourceTree = "<group>"; };
		F1A906322E4F59A800DF2C85 /* SeasonUtils.swift */ = {isa = PBXFileReference; lastKnownFileType = sourcecode.swift; path = SeasonUtils.swift; sourceTree = "<group>"; };
		F1A906342E4F607800DF2C85 /* ScoreUtils.swift */ = {isa = PBXFileReference; lastKnownFileType = sourcecode.swift; path = ScoreUtils.swift; sourceTree = "<group>"; };
		F1A906362E530C1700DF2C85 /* FavoriteCombination.swift */ = {isa = PBXFileReference; lastKnownFileType = sourcecode.swift; path = FavoriteCombination.swift; sourceTree = "<group>"; };
		F1A906382E530C3500DF2C85 /* FavoritesStore.swift */ = {isa = PBXFileReference; lastKnownFileType = sourcecode.swift; path = FavoritesStore.swift; sourceTree = "<group>"; };
/* End PBXFileReference section */

/* Begin PBXFrameworksBuildPhase section */
		F17DCB3B2E45E5B2006C5578 /* Frameworks */ = {
			isa = PBXFrameworksBuildPhase;
			buildActionMask = 2147483647;
			files = (
			);
			runOnlyForDeploymentPostprocessing = 0;
		};
/* End PBXFrameworksBuildPhase section */

/* Begin PBXGroup section */
		F17DCB352E45E5B2006C5578 = {
			isa = PBXGroup;
			children = (
				F17DCB402E45E5B2006C5578 /* Wearly */,
				F17DCB3F2E45E5B2006C5578 /* Products */,
			);
			sourceTree = "<group>";
		};
		F17DCB3F2E45E5B2006C5578 /* Products */ = {
			isa = PBXGroup;
			children = (
				F17DCB3E2E45E5B2006C5578 /* Wearly.app */,
			);
			name = Products;
			sourceTree = "<group>";
		};
		F17DCB402E45E5B2006C5578 /* Wearly */ = {
			isa = PBXGroup;
			children = (
				F1A906032E4A2AC700DF2C85 /* Shared */,
				F1A905F22E4A287C00DF2C85 /* Modules */,
				F1A905F12E4A285C00DF2C85 /* App */,
				F17DCB562E45E5EA006C5578 /* View */,
				F17DCB472E45E5B2006C5578 /* Main.storyboard */,
				F17DCB4A2E45E5B3006C5578 /* Assets.xcassets */,
				F17DCB4C2E45E5B3006C5578 /* LaunchScreen.storyboard */,
				F17DCB4F2E45E5B3006C5578 /* Info.plist */,
			);
			path = Wearly;
			sourceTree = "<group>";
		};
		F17DCB562E45E5EA006C5578 /* View */ = {
			isa = PBXGroup;
			children = (
				F17DCB452E45E5B2006C5578 /* ViewController.swift */,
			);
			path = View;
			sourceTree = "<group>";
		};
		F1A905F12E4A285C00DF2C85 /* App */ = {
			isa = PBXGroup;
			children = (
				F17DCB412E45E5B2006C5578 /* AppDelegate.swift */,
				F17DCB672E45E71B006C5578 /* MainTabBarController.swift */,
				F17DCB432E45E5B2006C5578 /* SceneDelegate.swift */,
			);
			path = App;
			sourceTree = "<group>";
		};
		F1A905F22E4A287C00DF2C85 /* Modules */ = {
			isa = PBXGroup;
			children = (
				F1A906122E4A2D9A00DF2C85 /* AddClothing */,
				F1A906002E4A29C900DF2C85 /* ClothingDetail */,
				F1A905FB2E4A296600DF2C85 /* Combinations */,
				F1A905F72E4A292D00DF2C85 /* Profile */,
				F1A905F32E4A288600DF2C85 /* Wardrobe */,
			);
			path = Modules;
			sourceTree = "<group>";
		};
		F1A905F32E4A288600DF2C85 /* Wardrobe */ = {
			isa = PBXGroup;
			children = (
				F1A905F62E4A28B900DF2C85 /* Model */,
				F1A9060A2E4A2BB100DF2C85 /* View */,
				F17DCB692E45EDB0006C5578 /* WardrobeViewController.swift */,
				F17DCB652E45E698006C5578 /* WardrobeViewModel.swift */,
			);
			path = Wardrobe;
			sourceTree = "<group>";
		};
		F1A905F62E4A28B900DF2C85 /* Model */ = {
			isa = PBXGroup;
			children = (
				F1A906102E4A2D7D00DF2C85 /* WardrobeModel.swift */,
			);
			path = Model;
			sourceTree = "<group>";
		};
		F1A905F72E4A292D00DF2C85 /* Profile */ = {
			isa = PBXGroup;
			children = (
				F17DCB5D2E45E64C006C5578 /* ProfileViewController.swift */,
			);
			path = Profile;
			sourceTree = "<group>";
		};
		F1A905FB2E4A296600DF2C85 /* Combinations */ = {
			isa = PBXGroup;
			children = (
				F1A906382E530C3500DF2C85 /* FavoritesStore.swift */,
				F1A906362E530C1700DF2C85 /* FavoriteCombination.swift */,
				F1A906342E4F607800DF2C85 /* ScoreUtils.swift */,
				F1A906322E4F59A800DF2C85 /* SeasonUtils.swift */,
				F1A9062E2E4F545D00DF2C85 /* ColorUtils.swift */,
				F1A9062C2E4DD4F700DF2C85 /* FeatureExtractor.swift */,
				F1A9062A2E4DD08E00DF2C85 /* CombinationEngine.swift */,
				F1A906282E4DCD3C00DF2C85 /* CombinationsViewModel.swift */,
				F17DCB5F2E45E663006C5578 /* CombinationsViewController.swift */,
			);
			path = Combinations;
			sourceTree = "<group>";
		};
		F1A906002E4A29C900DF2C85 /* ClothingDetail */ = {
			isa = PBXGroup;
			children = (
				F1A905E72E47A75D00DF2C85 /* ClothingDetailViewController.swift */,
				F1A9061C2E4AA31600DF2C85 /* ClothingDetailViewModel.swift */,
				F1A906012E4A29D400DF2C85 /* ClothingDetailView */,
			);
			path = ClothingDetail;
			sourceTree = "<group>";
		};
		F1A906012E4A29D400DF2C85 /* ClothingDetailView */ = {
			isa = PBXGroup;
			children = (
			);
			path = ClothingDetailView;
			sourceTree = "<group>";
		};
		F1A906032E4A2AC700DF2C85 /* Shared */ = {
			isa = PBXGroup;
			children = (
				F1A906232E4B82FC00DF2C85 /* Protocol */,
				F1A9060D2E4A2C4900DF2C85 /* Extensions */,
				F1A9060C2E4A2C4200DF2C85 /* Services */,
				F1A9060B2E4A2C2E00DF2C85 /* Model */,
				F1A906052E4A2B1400DF2C85 /* Base */,
			);
			path = Shared;
			sourceTree = "<group>";
		};
		F1A906052E4A2B1400DF2C85 /* Base */ = {
			isa = PBXGroup;
			children = (
				F1A906082E4A2B4700DF2C85 /* BaseViewController.swift */,
			);
			path = Base;
			sourceTree = "<group>";
		};
		F1A9060A2E4A2BB100DF2C85 /* View */ = {
			isa = PBXGroup;
			children = (
				F17DCB5B2E45E63C006C5578 /* ClothingCell.swift */,
			);
			path = View;
			sourceTree = "<group>";
		};
		F1A9060B2E4A2C2E00DF2C85 /* Model */ = {
			isa = PBXGroup;
			children = (
				F1A906212E4B534100DF2C85 /* ClothingCategory.swift */,
				F17DCB592E45E629006C5578 /* ClothingItem.swift */,
				F1A905E52E47633800DF2C85 /* StorageManager.swift */,
			);
			path = Model;
			sourceTree = "<group>";
		};
		F1A9060C2E4A2C4200DF2C85 /* Services */ = {
			isa = PBXGroup;
			children = (
				F1A906262E4DBB4200DF2C85 /* EmbeddingService.swift */,
				F1A905E32E47429000DF2C85 /* ClothingClassifier.swift */,
				F1A905E12E47414B00DF2C85 /* MobileNetV2.mlmodel */,
			);
			path = Services;
			sourceTree = "<group>";
		};
		F1A9060D2E4A2C4900DF2C85 /* Extensions */ = {
			isa = PBXGroup;
			children = (
				F1A9061A2E4A9A8600DF2C85 /* Builders.swift */,
			);
			path = Extensions;
			sourceTree = "<group>";
		};
		F1A906122E4A2D9A00DF2C85 /* AddClothing */ = {
			isa = PBXGroup;
			children = (
				F1A906162E4A348300DF2C85 /* AddClothingViewModel.swift */,
				F17DCB632E45E68A006C5578 /* AddClothingViewController.swift */,
			);
			path = AddClothing;
			sourceTree = "<group>";
		};
		F1A906232E4B82FC00DF2C85 /* Protocol */ = {
			isa = PBXGroup;
			children = (
				F1A906242E4B830300DF2C85 /* ViewModelType.swift */,
			);
			path = Protocol;
			sourceTree = "<group>";
		};
/* End PBXGroup section */

/* Begin PBXNativeTarget section */
		F17DCB3D2E45E5B2006C5578 /* Wearly */ = {
			isa = PBXNativeTarget;
			buildConfigurationList = F17DCB522E45E5B3006C5578 /* Build configuration list for PBXNativeTarget "Wearly" */;
			buildPhases = (
				F17DCB3A2E45E5B2006C5578 /* Sources */,
				F17DCB3B2E45E5B2006C5578 /* Frameworks */,
				F17DCB3C2E45E5B2006C5578 /* Resources */,
			);
			buildRules = (
			);
			dependencies = (
			);
			name = Wearly;
			productName = Wearly;
			productReference = F17DCB3E2E45E5B2006C5578 /* Wearly.app */;
			productType = "com.apple.product-type.application";
		};
/* End PBXNativeTarget section */

/* Begin PBXProject section */
		F17DCB362E45E5B2006C5578 /* Project object */ = {
			isa = PBXProject;
			attributes = {
				BuildIndependentTargetsInParallel = 1;
				LastSwiftUpdateCheck = 1430;
				LastUpgradeCheck = 1640;
				TargetAttributes = {
					F17DCB3D2E45E5B2006C5578 = {
						CreatedOnToolsVersion = 14.3.1;
					};
				};
			};
			buildConfigurationList = F17DCB392E45E5B2006C5578 /* Build configuration list for PBXProject "Wearly" */;
			compatibilityVersion = "Xcode 14.0";
			developmentRegion = en;
			hasScannedForEncodings = 0;
			knownRegions = (
				en,
				Base,
			);
			mainGroup = F17DCB352E45E5B2006C5578;
			productRefGroup = F17DCB3F2E45E5B2006C5578 /* Products */;
			projectDirPath = "";
			projectRoot = "";
			targets = (
				F17DCB3D2E45E5B2006C5578 /* Wearly */,
			);
		};
/* End PBXProject section */

/* Begin PBXResourcesBuildPhase section */
		F17DCB3C2E45E5B2006C5578 /* Resources */ = {
			isa = PBXResourcesBuildPhase;
			buildActionMask = 2147483647;
			files = (
				F17DCB4E2E45E5B3006C5578 /* LaunchScreen.storyboard in Resources */,
				F17DCB4B2E45E5B3006C5578 /* Assets.xcassets in Resources */,
				F17DCB492E45E5B2006C5578 /* Main.storyboard in Resources */,
			);
			runOnlyForDeploymentPostprocessing = 0;
		};
/* End PBXResourcesBuildPhase section */

/* Begin PBXSourcesBuildPhase section */
		F17DCB3A2E45E5B2006C5578 /* Sources */ = {
			isa = PBXSourcesBuildPhase;
			buildActionMask = 2147483647;
			files = (
				F1A9062F2E4F547200DF2C85 /* ColorUtils.swift in Sources */,
				F1A906292E4DCD3F00DF2C85 /* CombinationsViewModel.swift in Sources */,
				F1A906252E4B830F00DF2C85 /* ViewModelType.swift in Sources */,
				F17DCB5E2E45E64C006C5578 /* ProfileViewController.swift in Sources */,
				F1A906172E4A349300DF2C85 /* AddClothingViewModel.swift in Sources */,
				F17DCB5A2E45E629006C5578 /* ClothingItem.swift in Sources */,
				F1A906392E530C4000DF2C85 /* FavoritesStore.swift in Sources */,
				F1A906272E4DBB6000DF2C85 /* EmbeddingService.swift in Sources */,
				F17DCB682E45E71B006C5578 /* MainTabBarController.swift in Sources */,
				F1A906352E4F607C00DF2C85 /* ScoreUtils.swift in Sources */,
				F1A905E62E47634800DF2C85 /* StorageManager.swift in Sources */,
				F1A9061D2E4AA32200DF2C85 /* ClothingDetailViewModel.swift in Sources */,
				F1A906372E530C2300DF2C85 /* FavoriteCombination.swift in Sources */,
				F17DCB662E45E698006C5578 /* WardrobeViewModel.swift in Sources */,
				F17DCB642E45E68A006C5578 /* AddClothingViewController.swift in Sources */,
				F17DCB602E45E663006C5578 /* CombinationsViewController.swift in Sources */,
				F1A906112E4A2D8500DF2C85 /* WardrobeModel.swift in Sources */,
				F1A906092E4A2B5800DF2C85 /* BaseViewController.swift in Sources */,
				F1A905E42E4742B800DF2C85 /* ClothingClassifier.swift in Sources */,
				F1A905E22E47414B00DF2C85 /* MobileNetV2.mlmodel in Sources */,
				F1A9062B2E4DD09500DF2C85 /* CombinationEngine.swift in Sources */,
				F1A9062D2E4DD4FF00DF2C85 /* FeatureExtractor.swift in Sources */,
				F17DCB5C2E45E63C006C5578 /* ClothingCell.swift in Sources */,
				F17DCB462E45E5B2006C5578 /* ViewController.swift in Sources */,
				F1A905E82E47A77100DF2C85 /* ClothingDetailViewController.swift in Sources */,
				F1A906332E4F59B100DF2C85 /* SeasonUtils.swift in Sources */,
				F1A906222E4B534600DF2C85 /* ClothingCategory.swift in Sources */,
				F17DCB422E45E5B2006C5578 /* AppDelegate.swift in Sources */,
				F17DCB442E45E5B2006C5578 /* SceneDelegate.swift in Sources */,
				F17DCB6A2E45EDB0006C5578 /* WardrobeViewController.swift in Sources */,
				F1A9061B2E4A9A8D00DF2C85 /* Builders.swift in Sources */,
			);
			runOnlyForDeploymentPostprocessing = 0;
		};
/* End PBXSourcesBuildPhase section */

/* Begin PBXVariantGroup section */
		F17DCB472E45E5B2006C5578 /* Main.storyboard */ = {
			isa = PBXVariantGroup;
			children = (
				F17DCB482E45E5B2006C5578 /* Base */,
			);
			name = Main.storyboard;
			sourceTree = "<group>";
		};
		F17DCB4C2E45E5B3006C5578 /* LaunchScreen.storyboard */ = {
			isa = PBXVariantGroup;
			children = (
				F17DCB4D2E45E5B3006C5578 /* Base */,
			);
			name = LaunchScreen.storyboard;
			sourceTree = "<group>";
		};
/* End PBXVariantGroup section */

/* Begin XCBuildConfiguration section */
		F17DCB502E45E5B3006C5578 /* Debug */ = {
			isa = XCBuildConfiguration;
			buildSettings = {
				ALWAYS_SEARCH_USER_PATHS = NO;
				CLANG_ANALYZER_NONNULL = YES;
				CLANG_ANALYZER_NUMBER_OBJECT_CONVERSION = YES_AGGRESSIVE;
				CLANG_CXX_LANGUAGE_STANDARD = "gnu++20";
				CLANG_ENABLE_MODULES = YES;
				CLANG_ENABLE_OBJC_ARC = YES;
				CLANG_ENABLE_OBJC_WEAK = YES;
				CLANG_WARN_BLOCK_CAPTURE_AUTORELEASING = YES;
				CLANG_WARN_BOOL_CONVERSION = YES;
				CLANG_WARN_COMMA = YES;
				CLANG_WARN_CONSTANT_CONVERSION = YES;
				CLANG_WARN_DEPRECATED_OBJC_IMPLEMENTATIONS = YES;
				CLANG_WARN_DIRECT_OBJC_ISA_USAGE = YES_ERROR;
				CLANG_WARN_DOCUMENTATION_COMMENTS = YES;
				CLANG_WARN_EMPTY_BODY = YES;
				CLANG_WARN_ENUM_CONVERSION = YES;
				CLANG_WARN_INFINITE_RECURSION = YES;
				CLANG_WARN_INT_CONVERSION = YES;
				CLANG_WARN_NON_LITERAL_NULL_CONVERSION = YES;
				CLANG_WARN_OBJC_IMPLICIT_RETAIN_SELF = YES;
				CLANG_WARN_OBJC_LITERAL_CONVERSION = YES;
				CLANG_WARN_OBJC_ROOT_CLASS = YES_ERROR;
				CLANG_WARN_QUOTED_INCLUDE_IN_FRAMEWORK_HEADER = YES;
				CLANG_WARN_RANGE_LOOP_ANALYSIS = YES;
				CLANG_WARN_STRICT_PROTOTYPES = YES;
				CLANG_WARN_SUSPICIOUS_MOVE = YES;
				CLANG_WARN_UNGUARDED_AVAILABILITY = YES_AGGRESSIVE;
				CLANG_WARN_UNREACHABLE_CODE = YES;
				CLANG_WARN__DUPLICATE_METHOD_MATCH = YES;
				COPY_PHASE_STRIP = NO;
				DEBUG_INFORMATION_FORMAT = dwarf;
				DEVELOPMENT_TEAM = R484BZNPVC;
				ENABLE_STRICT_OBJC_MSGSEND = YES;
				ENABLE_TESTABILITY = YES;
				ENABLE_USER_SCRIPT_SANDBOXING = YES;
				GCC_C_LANGUAGE_STANDARD = gnu11;
				GCC_DYNAMIC_NO_PIC = NO;
				GCC_NO_COMMON_BLOCKS = YES;
				GCC_OPTIMIZATION_LEVEL = 0;
				GCC_PREPROCESSOR_DEFINITIONS = (
					"DEBUG=1",
					"$(inherited)",
				);
				GCC_WARN_64_TO_32_BIT_CONVERSION = YES;
				GCC_WARN_ABOUT_RETURN_TYPE = YES_ERROR;
				GCC_WARN_UNDECLARED_SELECTOR = YES;
				GCC_WARN_UNINITIALIZED_AUTOS = YES_AGGRESSIVE;
				GCC_WARN_UNUSED_FUNCTION = YES;
				GCC_WARN_UNUSED_VARIABLE = YES;
				IPHONEOS_DEPLOYMENT_TARGET = 16.4;
				MTL_ENABLE_DEBUG_INFO = INCLUDE_SOURCE;
				MTL_FAST_MATH = YES;
				ONLY_ACTIVE_ARCH = YES;
				SDKROOT = iphoneos;
				SWIFT_ACTIVE_COMPILATION_CONDITIONS = DEBUG;
				SWIFT_OPTIMIZATION_LEVEL = "-Onone";
			};
			name = Debug;
		};
		F17DCB512E45E5B3006C5578 /* Release */ = {
			isa = XCBuildConfiguration;
			buildSettings = {
				ALWAYS_SEARCH_USER_PATHS = NO;
				CLANG_ANALYZER_NONNULL = YES;
				CLANG_ANALYZER_NUMBER_OBJECT_CONVERSION = YES_AGGRESSIVE;
				CLANG_CXX_LANGUAGE_STANDARD = "gnu++20";
				CLANG_ENABLE_MODULES = YES;
				CLANG_ENABLE_OBJC_ARC = YES;
				CLANG_ENABLE_OBJC_WEAK = YES;
				CLANG_WARN_BLOCK_CAPTURE_AUTORELEASING = YES;
				CLANG_WARN_BOOL_CONVERSION = YES;
				CLANG_WARN_COMMA = YES;
				CLANG_WARN_CONSTANT_CONVERSION = YES;
				CLANG_WARN_DEPRECATED_OBJC_IMPLEMENTATIONS = YES;
				CLANG_WARN_DIRECT_OBJC_ISA_USAGE = YES_ERROR;
				CLANG_WARN_DOCUMENTATION_COMMENTS = YES;
				CLANG_WARN_EMPTY_BODY = YES;
				CLANG_WARN_ENUM_CONVERSION = YES;
				CLANG_WARN_INFINITE_RECURSION = YES;
				CLANG_WARN_INT_CONVERSION = YES;
				CLANG_WARN_NON_LITERAL_NULL_CONVERSION = YES;
				CLANG_WARN_OBJC_IMPLICIT_RETAIN_SELF = YES;
				CLANG_WARN_OBJC_LITERAL_CONVERSION = YES;
				CLANG_WARN_OBJC_ROOT_CLASS = YES_ERROR;
				CLANG_WARN_QUOTED_INCLUDE_IN_FRAMEWORK_HEADER = YES;
				CLANG_WARN_RANGE_LOOP_ANALYSIS = YES;
				CLANG_WARN_STRICT_PROTOTYPES = YES;
				CLANG_WARN_SUSPICIOUS_MOVE = YES;
				CLANG_WARN_UNGUARDED_AVAILABILITY = YES_AGGRESSIVE;
				CLANG_WARN_UNREACHABLE_CODE = YES;
				CLANG_WARN__DUPLICATE_METHOD_MATCH = YES;
				COPY_PHASE_STRIP = NO;
				DEBUG_INFORMATION_FORMAT = "dwarf-with-dsym";
				DEVELOPMENT_TEAM = R484BZNPVC;
				ENABLE_NS_ASSERTIONS = NO;
				ENABLE_STRICT_OBJC_MSGSEND = YES;
				ENABLE_USER_SCRIPT_SANDBOXING = YES;
				GCC_C_LANGUAGE_STANDARD = gnu11;
				GCC_NO_COMMON_BLOCKS = YES;
				GCC_WARN_64_TO_32_BIT_CONVERSION = YES;
				GCC_WARN_ABOUT_RETURN_TYPE = YES_ERROR;
				GCC_WARN_UNDECLARED_SELECTOR = YES;
				GCC_WARN_UNINITIALIZED_AUTOS = YES_AGGRESSIVE;
				GCC_WARN_UNUSED_FUNCTION = YES;
				GCC_WARN_UNUSED_VARIABLE = YES;
				IPHONEOS_DEPLOYMENT_TARGET = 16.4;
				MTL_ENABLE_DEBUG_INFO = NO;
				MTL_FAST_MATH = YES;
				SDKROOT = iphoneos;
				SWIFT_COMPILATION_MODE = wholemodule;
				SWIFT_OPTIMIZATION_LEVEL = "-O";
				VALIDATE_PRODUCT = YES;
			};
			name = Release;
		};
		F17DCB532E45E5B3006C5578 /* Debug */ = {
			isa = XCBuildConfiguration;
			buildSettings = {
				ASSETCATALOG_COMPILER_APPICON_NAME = AppIcon;
				ASSETCATALOG_COMPILER_GLOBAL_ACCENT_COLOR_NAME = AccentColor;
				CODE_SIGN_STYLE = Automatic;
				CURRENT_PROJECT_VERSION = 1;
				GENERATE_INFOPLIST_FILE = YES;
				INFOPLIST_FILE = Wearly/Info.plist;
				INFOPLIST_KEY_UIApplicationSupportsIndirectInputEvents = YES;
				INFOPLIST_KEY_UILaunchStoryboardName = LaunchScreen;
				INFOPLIST_KEY_UIMainStoryboardFile = Main;
				INFOPLIST_KEY_UISupportedInterfaceOrientations_iPad = "UIInterfaceOrientationPortrait UIInterfaceOrientationPortraitUpsideDown UIInterfaceOrientationLandscapeLeft UIInterfaceOrientationLandscapeRight";
				INFOPLIST_KEY_UISupportedInterfaceOrientations_iPhone = "UIInterfaceOrientationPortrait UIInterfaceOrientationLandscapeLeft UIInterfaceOrientationLandscapeRight";
				LD_RUNPATH_SEARCH_PATHS = (
					"$(inherited)",
					"@executable_path/Frameworks",
				);
				MARKETING_VERSION = 1.0;
				PRODUCT_BUNDLE_IDENTIFIER = com.melikesukocyigit.Wearly;
				PRODUCT_NAME = "$(TARGET_NAME)";
				SWIFT_EMIT_LOC_STRINGS = YES;
				SWIFT_VERSION = 5.0;
				TARGETED_DEVICE_FAMILY = "1,2";
			};
			name = Debug;
		};
		F17DCB542E45E5B3006C5578 /* Release */ = {
			isa = XCBuildConfiguration;
			buildSettings = {
				ASSETCATALOG_COMPILER_APPICON_NAME = AppIcon;
				ASSETCATALOG_COMPILER_GLOBAL_ACCENT_COLOR_NAME = AccentColor;
				CODE_SIGN_STYLE = Automatic;
				CURRENT_PROJECT_VERSION = 1;
				GENERATE_INFOPLIST_FILE = YES;
				INFOPLIST_FILE = Wearly/Info.plist;
				INFOPLIST_KEY_UIApplicationSupportsIndirectInputEvents = YES;
				INFOPLIST_KEY_UILaunchStoryboardName = LaunchScreen;
				INFOPLIST_KEY_UIMainStoryboardFile = Main;
				INFOPLIST_KEY_UISupportedInterfaceOrientations_iPad = "UIInterfaceOrientationPortrait UIInterfaceOrientationPortraitUpsideDown UIInterfaceOrientationLandscapeLeft UIInterfaceOrientationLandscapeRight";
				INFOPLIST_KEY_UISupportedInterfaceOrientations_iPhone = "UIInterfaceOrientationPortrait UIInterfaceOrientationLandscapeLeft UIInterfaceOrientationLandscapeRight";
				LD_RUNPATH_SEARCH_PATHS = (
					"$(inherited)",
					"@executable_path/Frameworks",
				);
				MARKETING_VERSION = 1.0;
				PRODUCT_BUNDLE_IDENTIFIER = com.melikesukocyigit.Wearly;
				PRODUCT_NAME = "$(TARGET_NAME)";
				SWIFT_EMIT_LOC_STRINGS = YES;
				SWIFT_VERSION = 5.0;
				TARGETED_DEVICE_FAMILY = "1,2";
			};
			name = Release;
		};
/* End XCBuildConfiguration section */

/* Begin XCConfigurationList section */
		F17DCB392E45E5B2006C5578 /* Build configuration list for PBXProject "Wearly" */ = {
			isa = XCConfigurationList;
			buildConfigurations = (
				F17DCB502E45E5B3006C5578 /* Debug */,
				F17DCB512E45E5B3006C5578 /* Release */,
			);
			defaultConfigurationIsVisible = 0;
			defaultConfigurationName = Release;
		};
		F17DCB522E45E5B3006C5578 /* Build configuration list for PBXNativeTarget "Wearly" */ = {
			isa = XCConfigurationList;
			buildConfigurations = (
				F17DCB532E45E5B3006C5578 /* Debug */,
				F17DCB542E45E5B3006C5578 /* Release */,
			);
			defaultConfigurationIsVisible = 0;
			defaultConfigurationName = Release;
		};
/* End XCConfigurationList section */
	};
	rootObject = F17DCB362E45E5B2006C5578 /* Project object */;
}
